{
    "_meta": {
        "hash": {
            "sha256": "2aa6e5f9d7cda1a459444bf812fb2f7a4acfe547e7c65a975ab41530f9213da5"
        },
        "pipfile-spec": 6,
        "requires": {
            "python_version": "3.8"
        },
        "sources": [
            {
                "name": "pypi",
                "url": "https://pypi.org/simple",
                "verify_ssl": true
            }
        ]
    },
    "default": {
        "argparse": {
            "hashes": [
                "sha256:62b089a55be1d8949cd2bc7e0df0bddb9e028faefc8c32038cc84862aefdd6e4",
                "sha256:c31647edb69fd3d465a847ea3157d37bed1f95f19760b11a47aa91c04b666314"
            ],
            "index": "pypi",
            "version": "==1.4.0"
        },
        "beautifulsoup4": {
            "hashes": [
                "sha256:4c98143716ef1cb40bf7f39a8e3eec8f8b009509e74904ba3a7b315431577e35",
                "sha256:84729e322ad1d5b4d25f805bfa05b902dd96450f43842c4e99067d5e1369eb25",
                "sha256:fff47e031e34ec82bf17e00da8f592fe7de69aeea38be00523c04623c04fb666"
            ],
            "index": "pypi",
            "version": "==4.9.3"
        },
        "boto3": {
            "hashes": [
                "sha256:7209b79833bdf13753aa24f76bf533890ffed2cc4fe1fe08619d223c209bbd11",
                "sha256:f46c93d09acd4d4bfc6b9522ed852fecbdc508e0365f29ddfb3c146aae784b4e"
            ],
            "index": "pypi",
            "version": "==1.18.27"
        },
        "botocore": {
            "hashes": [
                "sha256:8c99abd7093ab11ce8d09c68732aeeb6065a53d2fe371568452e99291817fff5",
                "sha256:b9e2c90bad164d111c229102f58f995c28576e719dd116b446965e1b786f8fa5"
            ],
            "version": "==1.21.27"
        },
        "cachetools": {
            "hashes": [
                "sha256:2cc0b89715337ab6dbba85b5b50effe2b0c74e035d83ee8ed637cf52f12ae001",
                "sha256:61b5ed1e22a0924aed1d23b478f37e8d52549ff8a961de2909c69bf950020cff"
            ],
            "version": "==4.2.2"
        },
        "certifi": {
            "hashes": [
                "sha256:2bbf76fd432960138b3ef6dda3dde0544f27cbf8546c458e60baf371917ba9ee",
                "sha256:50b1e4f8446b06f41be7dd6338db18e0990601dce795c2b1686458aa7e8fa7d8"
            ],
            "version": "==2021.5.30"
        },
        "charset-normalizer": {
            "hashes": [
                "sha256:0c8911edd15d19223366a194a513099a302055a962bca2cec0f54b8b63175d8b",
                "sha256:f23667ebe1084be45f6ae0538e4a5a865206544097e4e8bbcacf42cd02a348f3"
            ],
            "markers": "python_version >= '3'",
            "version": "==2.0.4"
        },
        "ffmpeg-python": {
            "hashes": [
                "sha256:65225db34627c578ef0e11c8b1eb528bb35e024752f6f10b78c011f6f64c4127",
                "sha256:ac441a0404e053f8b6a1113a77c0f452f1cfc62f6344a769475ffdc0f56c23c5"
            ],
            "index": "pypi",
            "version": "==0.2.0"
        },
        "future": {
            "hashes": [
                "sha256:b1bead90b70cf6ec3f0710ae53a525360fa360d306a86583adc6bf83a4db537d"
            ],
            "version": "==0.18.2"
        },
        "google-auth": {
            "hashes": [
                "sha256:c012c8be7c442c8309ca8fa0876fef33f5fd977c467be1e1c1c2f721e8ebd73c",
                "sha256:ea1af050b3e06eb73e4470f704d23007307bc0e87c13e015f6b90460f1407bd3"
            ],
            "version": "==2.0.1"
        },
        "google-auth-oauthlib": {
            "hashes": [
                "sha256:4ab58e6c3dc6ccf112f921fcced40e5426fba266768986ea502228488276eaba",
                "sha256:b5a1ce7c617d247ccb2dfbba9d4bfc734b41096803d854a2c52592ae80150a67"
            ],
            "version": "==0.4.5"
        },
        "gspread": {
            "hashes": [
                "sha256:236a0f24e3724b49bae4cbd5144ed036b0ae6feaf5828ad033eb2824bf05e5be",
                "sha256:4933c3e2359e82698c0990f3b0e312627fcbf8fecc8bc81d26713f5860e20b48"
            ],
            "index": "pypi",
            "version": "==4.0.1"
        },
        "idna": {
            "hashes": [
                "sha256:14475042e284991034cb48e06f6851428fb14c4dc953acd9be9a5e95c7b6dd7a",
                "sha256:467fbad99067910785144ce333826c71fb0e63a425657295239737f7ecd125f3"
            ],
            "markers": "python_version >= '3'",
            "version": "==3.2"
        },
        "jmespath": {
            "hashes": [
                "sha256:b85d0567b8666149a93172712e68920734333c0ce7e89b78b3e987f71e5ed4f9",
                "sha256:cdf6525904cc597730141d61b36f2e4b8ecc257c420fa2f4549bac2c2d0cb72f"
            ],
            "version": "==0.10.0"
        },
        "oauthlib": {
            "hashes": [
                "sha256:42bf6354c2ed8c6acb54d971fce6f88193d97297e18602a3a886603f9d7730cc",
                "sha256:8f0215fcc533dd8dd1bee6f4c412d4f0cd7297307d43ac61666389e3bc3198a3"
            ],
            "version": "==3.1.1"
        },
        "pyasn1": {
            "hashes": [
                "sha256:014c0e9976956a08139dc0712ae195324a75e142284d5f87f1a87ee1b068a359",
                "sha256:03840c999ba71680a131cfaee6fab142e1ed9bbd9c693e285cc6aca0d555e576",
                "sha256:0458773cfe65b153891ac249bcf1b5f8f320b7c2ce462151f8fa74de8934becf",
                "sha256:08c3c53b75eaa48d71cf8c710312316392ed40899cb34710d092e96745a358b7",
                "sha256:39c7e2ec30515947ff4e87fb6f456dfc6e84857d34be479c9d4a4ba4bf46aa5d",
                "sha256:5c9414dcfede6e441f7e8f81b43b34e834731003427e5b09e4e00e3172a10f00",
                "sha256:6e7545f1a61025a4e58bb336952c5061697da694db1cae97b116e9c46abcf7c8",
                "sha256:78fa6da68ed2727915c4767bb386ab32cdba863caa7dbe473eaae45f9959da86",
                "sha256:7ab8a544af125fb704feadb008c99a88805126fb525280b2270bb25cc1d78a12",
                "sha256:99fcc3c8d804d1bc6d9a099921e39d827026409a58f2a720dcdb89374ea0c776",
                "sha256:aef77c9fb94a3ac588e87841208bdec464471d9871bd5050a287cc9a475cd0ba",
                "sha256:e89bf84b5437b532b0803ba5c9a5e054d21fec423a89952a74f87fa2c9b7bce2",
                "sha256:fec3e9d8e36808a28efb59b489e4528c10ad0f480e57dcc32b4de5c9d8c9fdf3"
            ],
            "version": "==0.4.8"
        },
        "pyasn1-modules": {
            "hashes": [
                "sha256:0845a5582f6a02bb3e1bde9ecfc4bfcae6ec3210dd270522fee602365430c3f8",
                "sha256:0fe1b68d1e486a1ed5473f1302bd991c1611d319bba158e98b106ff86e1d7199",
                "sha256:15b7c67fabc7fc240d87fb9aabf999cf82311a6d6fb2c70d00d3d0604878c811",
                "sha256:426edb7a5e8879f1ec54a1864f16b882c2837bfd06eee62f2c982315ee2473ed",
                "sha256:65cebbaffc913f4fe9e4808735c95ea22d7a7775646ab690518c056784bc21b4",
                "sha256:905f84c712230b2c592c19470d3ca8d552de726050d1d1716282a1f6146be65e",
                "sha256:a50b808ffeb97cb3601dd25981f6b016cbb3d31fbf57a8b8a87428e6158d0c74",
                "sha256:a99324196732f53093a84c4369c996713eb8c89d360a496b599fb1a9c47fc3eb",
                "sha256:b80486a6c77252ea3a3e9b1e360bc9cf28eaac41263d173c032581ad2f20fe45",
                "sha256:c29a5e5cc7a3f05926aff34e097e84f8589cd790ce0ed41b67aed6857b26aafd",
                "sha256:cbac4bc38d117f2a49aeedec4407d23e8866ea4ac27ff2cf7fb3e5b570df19e0",
                "sha256:f39edd8c4ecaa4556e989147ebf219227e2cd2e8a43c7e7fcb1f1c18c5fd6a3d",
                "sha256:fe0644d9ab041506b62782e92b06b8c68cca799e1a9636ec398675459e031405"
            ],
            "version": "==0.2.8"
        },
        "python-dateutil": {
            "hashes": [
                "sha256:0123cacc1627ae19ddf3c27a5de5bd67ee4586fbdd6440d9748f8abb483d3e86",
                "sha256:961d03dc3453ebbc59dbdea9e4e11c5651520a876d0f4db161e8674aae935da9"
            ],
            "version": "==2.8.2"
        },
        "python-dotenv": {
            "hashes": [
                "sha256:aae25dc1ebe97c420f50b81fb0e5c949659af713f31fdb63c749ca68748f34b1",
                "sha256:f521bc2ac9a8e03c736f62911605c5d83970021e3fa95b37d769e2bbbe9b6172"
            ],
            "index": "pypi",
            "version": "==0.19.0"
        },
        "requests": {
            "hashes": [
                "sha256:6c1246513ecd5ecd4528a0906f910e8f0f9c6b8ec72030dc9fd154dc1a6efd24",
                "sha256:b8aa58f8cf793ffd8782d3d8cb19e66ef36f7aba4353eec859e74678b01b07a7"
            ],
            "version": "==2.26.0"
        },
        "requests-oauthlib": {
            "hashes": [
                "sha256:7f71572defaecd16372f9006f33c2ec8c077c3cfa6f5911a9a90202beb513f3d",
                "sha256:b4261601a71fd721a8bd6d7aa1cc1d6a8a93b4a9f5e96626f8e4d91e8beeaa6a",
                "sha256:fa6c47b933f01060936d87ae9327fead68768b69c6c9ea2109c48be30f2d4dbc"
            ],
            "version": "==1.3.0"
        },
        "rsa": {
            "hashes": [
                "sha256:78f9a9bf4e7be0c5ded4583326e7461e3a3c5aae24073648b4bdfa797d78c9d2",
                "sha256:9d689e6ca1b3038bc82bf8d23e944b6b6037bc02301a574935b2dd946e0353b9"
            ],
            "version": "==4.7.2"
        },
        "s3transfer": {
            "hashes": [
                "sha256:50ed823e1dc5868ad40c8dc92072f757aa0e653a192845c94a3b676f4a62da4c",
                "sha256:9c1dc369814391a6bda20ebbf4b70a0f34630592c9aa520856bf384916af2803"
            ],
            "version": "==0.5.0"
        },
        "six": {
            "hashes": [
                "sha256:1e61c37477a1626458e36f7b1d82aa5c9b094fa4802892072e49de9c60c4c926",
                "sha256:8abb2f1d86890a2dfb989f9a77cfcfd3e47c2a354b01111771326f8aa26e0254"
            ],
            "version": "==1.16.0"
        },
        "soupsieve": {
            "hashes": [
                "sha256:052774848f448cf19c7e959adf5566904d525f33a3f8b6ba6f6f8f26ec7de0cc",
                "sha256:c2c1c2d44f158cdbddab7824a9af8c4f83c76b1e23e049479aa432feb6c4c23b"
            ],
            "markers": "python_version >= '3.0'",
            "version": "==2.2.1"
        },
        "urllib3": {
            "hashes": [
                "sha256:39fb8672126159acb139a7718dd10806104dec1e2f0f6c88aab05d17df10c8d4",
                "sha256:f57b4c16c62fa2760b7e3d97c35b255512fb6b59a259730f36ba32ce9f8e342f"
            ],
            "version": "==1.26.6"
        },
        "youtube-dl": {
            "hashes": [
                "sha256:263e04d53fb8ba3dfbd246ad09b7d388e896c132a20cc770c26ee7684de050ac",
                "sha256:cb2d3ee002158ede783e97a82c95f3817594df54367ea6a77ce5ceea4772f0ab"
            ],
            "index": "pypi",
            "version": "==2021.6.6"
        }
    },
    "develop": {}
}
